
Microsoft Visual Studio Solution File, Format Version 12.00
# Visual Studio Version 17
VisualStudioVersion = 17.1.32407.343
MinimumVisualStudioVersion = 10.0.40219.1
Project("{FAE04EC0-301F-11D3-BF4B-00C04F79EFBC}") = "FCS_WebAPI", "FCS_WebAPI\FCS_WebAPI.csproj", "{50F0AAD0-7425-427A-9855-F8DC3441029F}"
EndProject
Global
	GlobalSection(SolutionConfigurationPlatforms) = preSolution
		Debug|Any CPU = Debug|Any CPU
		Release|Any CPU = Release|Any CPU
	EndGlobalSection
	GlobalSection(ProjectConfigurationPlatforms) = postSolution
		{50F0AAD0-7425-427A-9855-F8DC3441029F}.Debug|Any CPU.ActiveCfg = Debug|Any CPU
		{50F0AAD0-7425-427A-9855-F8DC3441029F}.Debug|Any CPU.Build.0 = Debug|Any CPU
		{50F0AAD0-7425-427A-9855-F8DC3441029F}.Release|Any CPU.ActiveCfg = Release|Any CPU
		{50F0AAD0-7425-427A-9855-F8DC3441029F}.Release|Any CPU.Build.0 = Release|Any CPU
	EndGlobalSection
	GlobalSection(SolutionProperties) = preSolution
		HideSolutionNode = FALSE
	EndGlobalSection
	GlobalSection(ExtensibilityGlobals) = postSolution
		SolutionGuid = {C36B6062-44F5-40AF-B64C-128E3A8C14AF}
	EndGlobalSection
EndGlobal
